{
  "version": "5",
  "specifiers": {
    "jsr:@panth977/data@~0.1.24": "0.1.24"
  },
  "jsr": {
    "@panth977/data@0.1.24": {
      "integrity": "4fbab7070daa0370faa73903c47863dc903fe91814d8e145b908512a1db2aad5"
    }
  },
  "workspace": {
    "dependencies": [
      "jsr:@panth977/data@~0.1.24"
    ]
  }
}
